// !$*UTF8*$!
{
	archiveVersion = 1;
	classes = {
	};
	objectVersion = 50;
	objects = {

/* Begin PBXBuildFile section */
		17532A36215C72FA00FFCDC3 /* AppDelegate.swift in Sources */ = {isa = PBXBuildFile; fileRef = 17532A35215C72FA00FFCDC3 /* AppDelegate.swift */; };
		17532A38215C72FA00FFCDC3 /* ViewController.swift in Sources */ = {isa = PBXBuildFile; fileRef = 17532A37215C72FA00FFCDC3 /* ViewController.swift */; };
		17532A3B215C72FA00FFCDC3 /* Main.storyboard in Resources */ = {isa = PBXBuildFile; fileRef = 17532A39215C72FA00FFCDC3 /* Main.storyboard */; };
		17532A3D215C72FD00FFCDC3 /* Assets.xcassets in Resources */ = {isa = PBXBuildFile; fileRef = 17532A3C215C72FD00FFCDC3 /* Assets.xcassets */; };
		17532A40215C72FD00FFCDC3 /* LaunchScreen.storyboard in Resources */ = {isa = PBXBuildFile; fileRef = 17532A3E215C72FD00FFCDC3 /* LaunchScreen.storyboard */; };
		17532A4B215C72FD00FFCDC3 /* SelfigramTests.swift in Sources */ = {isa = PBXBuildFile; fileRef = 17532A4A215C72FD00FFCDC3 /* SelfigramTests.swift */; };
		17532A56215C72FD00FFCDC3 /* SelfigramUITests.swift in Sources */ = {isa = PBXBuildFile; fileRef = 17532A55215C72FD00FFCDC3 /* SelfigramUITests.swift */; };
/* End PBXBuildFile section */

/* Begin PBXContainerItemProxy section */
		17532A47215C72FD00FFCDC3 /* PBXContainerItemProxy */ = {
			isa = PBXContainerItemProxy;
			containerPortal = 17532A2A215C72FA00FFCDC3 /* Project object */;
			proxyType = 1;
			remoteGlobalIDString = 17532A31215C72FA00FFCDC3;
			remoteInfo = Selfigram;
		};
		17532A52215C72FD00FFCDC3 /* PBXContainerItemProxy */ = {
			isa = PBXContainerItemProxy;
			containerPortal = 17532A2A215C72FA00FFCDC3 /* Project object */;
			proxyType = 1;
			remoteGlobalIDString = 17532A31215C72FA00FFCDC3;
			remoteInfo = Selfigram;
		};
/* End PBXContainerItemProxy section */

/* Begin PBXFileReference section */
		17532A32215C72FA00FFCDC3 /* Selfigram.app */ = {isa = PBXFileReference; explicitFileType = wrapper.application; includeInIndex = 0; path = Selfigram.app; sourceTree = BUILT_PRODUCTS_DIR; };
		17532A35215C72FA00FFCDC3 /* AppDelegate.swift */ = {isa = PBXFileReference; lastKnownFileType = sourcecode.swift; path = AppDelegate.swift; sourceTree = "<group>"; };
		17532A37215C72FA00FFCDC3 /* ViewController.swift */ = {isa = PBXFileReference; lastKnownFileType = sourcecode.swift; path = ViewController.swift; sourceTree = "<group>"; };
		17532A3A215C72FA00FFCDC3 /* Base */ = {isa = PBXFileReference; lastKnownFileType = file.storyboard; name = Base; path = Base.lproj/Main.storyboard; sourceTree = "<group>"; };
		17532A3C215C72FD00FFCDC3 /* Assets.xcassets */ = {isa = PBXFileReference; lastKnownFileType = folder.assetcatalog; path = Assets.xcassets; sourceTree = "<group>"; };
		17532A3F215C72FD00FFCDC3 /* Base */ = {isa = PBXFileReference; lastKnownFileType = file.storyboard; name = Base; path = Base.lproj/LaunchScreen.storyboard; sourceTree = "<group>"; };
		17532A41215C72FD00FFCDC3 /* Info.plist */ = {isa = PBXFileReference; lastKnownFileType = text.plist.xml; path = Info.plist; sourceTree = "<group>"; };
		17532A46215C72FD00FFCDC3 /* SelfigramTests.xctest */ = {isa = PBXFileReference; explicitFileType = wrapper.cfbundle; includeInIndex = 0; path = SelfigramTests.xctest; sourceTree = BUILT_PRODUCTS_DIR; };
		17532A4A215C72FD00FFCDC3 /* SelfigramTests.swift */ = {isa = PBXFileReference; lastKnownFileType = sourcecode.swift; path = SelfigramTests.swift; sourceTree = "<group>"; };
		17532A4C215C72FD00FFCDC3 /* Info.plist */ = {isa = PBXFileReference; lastKnownFileType = text.plist.xml; path = Info.plist; sourceTree = "<group>"; };
		17532A51215C72FD00FFCDC3 /* SelfigramUITests.xctest */ = {isa = PBXFileReference; explicitFileType = wrapper.cfbundle; includeInIndex = 0; path = SelfigramUITests.xctest; sourceTree = BUILT_PRODUCTS_DIR; };
		17532A55215C72FD00FFCDC3 /* SelfigramUITests.swift */ = {isa = PBXFileReference; lastKnownFileType = sourcecode.swift; path = SelfigramUITests.swift; sourceTree = "<group>"; };
		17532A57215C72FD00FFCDC3 /* Info.plist */ = {isa = PBXFileReference; lastKnownFileType = text.plist.xml; path = Info.plist; sourceTree = "<group>"; };
/* End PBXFileReference section */

/* Begin PBXFrameworksBuildPhase section */
		17532A2F215C72FA00FFCDC3 /* Frameworks */ = {
			isa = PBXFrameworksBuildPhase;
			buildActionMask = 2147483647;
			files = (
			);
			runOnlyForDeploymentPostprocessing = 0;
		};
		17532A43215C72FD00FFCDC3 /* Frameworks */ = {
			isa = PBXFrameworksBuildPhase;
			buildActionMask = 2147483647;
			files = (
			);
			runOnlyForDeploymentPostprocessing = 0;
		};
		17532A4E215C72FD00FFCDC3 /* Frameworks */ = {
			isa = PBXFrameworksBuildPhase;
			buildActionMask = 2147483647;
			files = (
			);
			runOnlyForDeploymentPostprocessing = 0;
		};
/* End PBXFrameworksBuildPhase section */

/* Begin PBXGroup section */
		17532A29215C72FA00FFCDC3 = {
			isa = PBXGroup;
			children = (
				17532A34215C72FA00FFCDC3 /* Selfigram */,
				17532A49215C72FD00FFCDC3 /* SelfigramTests */,
				17532A54215C72FD00FFCDC3 /* SelfigramUITests */,
				17532A33215C72FA00FFCDC3 /* Products */,
			);
			sourceTree = "<group>";
		};
		17532A33215C72FA00FFCDC3 /* Products */ = {
			isa = PBXGroup;
			children = (
				17532A32215C72FA00FFCDC3 /* Selfigram.app */,
				17532A46215C72FD00FFCDC3 /* SelfigramTests.xctest */,
				17532A51215C72FD00FFCDC3 /* SelfigramUITests.xctest */,
			);
			name = Products;
			sourceTree = "<group>";
		};
		17532A34215C72FA00FFCDC3 /* Selfigram */ = {
			isa = PBXGroup;
			children = (
				17532A35215C72FA00FFCDC3 /* AppDelegate.swift */,
				17532A37215C72FA00FFCDC3 /* ViewController.swift */,
				17532A39215C72FA00FFCDC3 /* Main.storyboard */,
				17532A3C215C72FD00FFCDC3 /* Assets.xcassets */,
				17532A3E215C72FD00FFCDC3 /* LaunchScreen.storyboard */,
				17532A41215C72FD00FFCDC3 /* Info.plist */,
			);
			path = Selfigram;
			sourceTree = "<group>";
		};
		17532A49215C72FD00FFCDC3 /* SelfigramTests */ = {
			isa = PBXGroup;
			children = (
				17532A4A215C72FD00FFCDC3 /* SelfigramTests.swift */,
				17532A4C215C72FD00FFCDC3 /* Info.plist */,
			);
			path = SelfigramTests;
			sourceTree = "<group>";
		};
		17532A54215C72FD00FFCDC3 /* SelfigramUITests */ = {
			isa = PBXGroup;
			children = (
				17532A55215C72FD00FFCDC3 /* SelfigramUITests.swift */,
				17532A57215C72FD00FFCDC3 /* Info.plist */,
			);
			path = SelfigramUITests;
			sourceTree = "<group>";
		};
/* End PBXGroup section */

/* Begin PBXNativeTarget section */
		17532A31215C72FA00FFCDC3 /* Selfigram */ = {
			isa = PBXNativeTarget;
			buildConfigurationList = 17532A5A215C72FD00FFCDC3 /* Build configuration list for PBXNativeTarget "Selfigram" */;
			buildPhases = (
				17532A2E215C72FA00FFCDC3 /* Sources */,
				17532A2F215C72FA00FFCDC3 /* Frameworks */,
				17532A30215C72FA00FFCDC3 /* Resources */,
			);
			buildRules = (
			);
			dependencies = (
			);
			name = Selfigram;
			productName = Selfigram;
			productReference = 17532A32215C72FA00FFCDC3 /* Selfigram.app */;
			productType = "com.apple.product-type.application";
		};
		17532A45215C72FD00FFCDC3 /* SelfigramTests */ = {
			isa = PBXNativeTarget;
			buildConfigurationList = 17532A5D215C72FD00FFCDC3 /* Build configuration list for PBXNativeTarget "SelfigramTests" */;
			buildPhases = (
				17532A42215C72FD00FFCDC3 /* Sources */,
				17532A43215C72FD00FFCDC3 /* Frameworks */,
				17532A44215C72FD00FFCDC3 /* Resources */,
			);
			buildRules = (
			);
			dependencies = (
				17532A48215C72FD00FFCDC3 /* PBXTargetDependency */,
			);
			name = SelfigramTests;
			productName = SelfigramTests;
			productReference = 17532A46215C72FD00FFCDC3 /* SelfigramTests.xctest */;
			productType = "com.apple.product-type.bundle.unit-test";
		};
		17532A50215C72FD00FFCDC3 /* SelfigramUITests */ = {
			isa = PBXNativeTarget;
			buildConfigurationList = 17532A60215C72FD00FFCDC3 /* Build configuration list for PBXNativeTarget "SelfigramUITests" */;
			buildPhases = (
				17532A4D215C72FD00FFCDC3 /* Sources */,
				17532A4E215C72FD00FFCDC3 /* Frameworks */,
				17532A4F215C72FD00FFCDC3 /* Resources */,
			);
			buildRules = (
			);
			dependencies = (
				17532A53215C72FD00FFCDC3 /* PBXTargetDependency */,
			);
			name = SelfigramUITests;
			productName = SelfigramUITests;
			productReference = 17532A51215C72FD00FFCDC3 /* SelfigramUITests.xctest */;
			productType = "com.apple.product-type.bundle.ui-testing";
		};
/* End PBXNativeTarget section */

/* Begin PBXProject section */
		17532A2A215C72FA00FFCDC3 /* Project object */ = {
			isa = PBXProject;
			attributes = {
				LastSwiftUpdateCheck = 1000;
				LastUpgradeCheck = 1000;
				ORGANIZATIONNAME = "Matthew Chan";
				TargetAttributes = {
					17532A31215C72FA00FFCDC3 = {
						CreatedOnToolsVersion = 10.0;
					};
					17532A45215C72FD00FFCDC3 = {
						CreatedOnToolsVersion = 10.0;
						TestTargetID = 17532A31215C72FA00FFCDC3;
					};
					17532A50215C72FD00FFCDC3 = {
						CreatedOnToolsVersion = 10.0;
						TestTargetID = 17532A31215C72FA00FFCDC3;
					};
				};
			};
			buildConfigurationList = 17532A2D215C72FA00FFCDC3 /* Build configuration list for PBXProject "Selfigram" */;
			compatibilityVersion = "Xcode 9.3";
			developmentRegion = en;
			hasScannedForEncodings = 0;
			knownRegions = (
				en,
				Base,
			);
			mainGroup = 17532A29215C72FA00FFCDC3;
			productRefGroup = 17532A33215C72FA00FFCDC3 /* Products */;
			projectDirPath = "";
			projectRoot = "";
			targets = (
				17532A31215C72FA00FFCDC3 /* Selfigram */,
				17532A45215C72FD00FFCDC3 /* SelfigramTests */,
				17532A50215C72FD00FFCDC3 /* SelfigramUITests */,
			);
		};
/* End PBXProject section */

/* Begin PBXResourcesBuildPhase section */
		17532A30215C72FA00FFCDC3 /* Resources */ = {
			isa = PBXResourcesBuildPhase;
			buildActionMask = 2147483647;
			files = (
				17532A40215C72FD00FFCDC3 /* LaunchScreen.storyboard in Resources */,
				17532A3D215C72FD00FFCDC3 /* Assets.xcassets in Resources */,
				17532A3B215C72FA00FFCDC3 /* Main.storyboard in Resources */,
			);
			runOnlyForDeploymentPostprocessing = 0;
		};
		17532A44215C72FD00FFCDC3 /* Resources */ = {
			isa = PBXResourcesBuildPhase;
			buildActionMask = 2147483647;
			files = (
			);
			runOnlyForDeploymentPostprocessing = 0;
		};
		17532A4F215C72FD00FFCDC3 /* Resources */ = {
			isa = PBXResourcesBuildPhase;
			buildActionMask = 2147483647;
			files = (
			);
			runOnlyForDeploymentPostprocessing = 0;
		};
/* End PBXResourcesBuildPhase section */

/* Begin PBXSourcesBuildPhase section */
		17532A2E215C72FA00FFCDC3 /* Sources */ = {
			isa = PBXSourcesBuildPhase;
			buildActionMask = 2147483647;
			files = (
				17532A38215C72FA00FFCDC3 /* ViewController.swift in Sources */,
				17532A36215C72FA00FFCDC3 /* AppDelegate.swift in Sources */,
			);
			runOnlyForDeploymentPostprocessing = 0;
		};
		17532A42215C72FD00FFCDC3 /* Sources */ = {
			isa = PBXSourcesBuildPhase;
			buildActionMask = 2147483647;
			files = (
				17532A4B215C72FD00FFCDC3 /* SelfigramTests.swift in Sources */,
			);
			runOnlyForDeploymentPostprocessing = 0;
		};
		17532A4D215C72FD00FFCDC3 /* Sources */ = {
			isa = PBXSourcesBuildPhase;
			buildActionMask = 2147483647;
			files = (
				17532A56215C72FD00FFCDC3 /* SelfigramUITests.swift in Sources */,
			);
			runOnlyForDeploymentPostprocessing = 0;
		};
/* End PBXSourcesBuildPhase section */

/* Begin PBXTargetDependency section */
		17532A48215C72FD00FFCDC3 /* PBXTargetDependency */ = {
			isa = PBXTargetDependency;
			target = 17532A31215C72FA00FFCDC3 /* Selfigram */;
			targetProxy = 17532A47215C72FD00FFCDC3 /* PBXContainerItemProxy */;
		};
		17532A53215C72FD00FFCDC3 /* PBXTargetDependency */ = {
			isa = PBXTargetDependency;
			target = 17532A31215C72FA00FFCDC3 /* Selfigram */;
			targetProxy = 17532A52215C72FD00FFCDC3 /* PBXContainerItemProxy */;
		};
/* End PBXTargetDependency section */

/* Begin PBXVariantGroup section */
		17532A39215C72FA00FFCDC3 /* Main.storyboard */ = {
			isa = PBXVariantGroup;
			children = (
				17532A3A215C72FA00FFCDC3 /* Base */,
			);
			name = Main.storyboard;
			sourceTree = "<group>";
		};
		17532A3E215C72FD00FFCDC3 /* LaunchScreen.storyboard */ = {
			isa = PBXVariantGroup;
			children = (
				17532A3F215C72FD00FFCDC3 /* Base */,
			);
			name = LaunchScreen.storyboard;
			sourceTree = "<group>";
		};
/* End PBXVariantGroup section */

/* Begin XCBuildConfiguration section */
		17532A58215C72FD00FFCDC3 /* Debug */ = {
			isa = XCBuildConfiguration;
			buildSettings = {
				ALWAYS_SEARCH_USER_PATHS = NO;
				CLANG_ANALYZER_NONNULL = YES;
				CLANG_ANALYZER_NUMBER_OBJECT_CONVERSION = YES_AGGRESSIVE;
				CLANG_CXX_LANGUAGE_STANDARD = "gnu++14";
				CLANG_CXX_LIBRARY = "libc++";
				CLANG_ENABLE_MODULES = YES;
				CLANG_ENABLE_OBJC_ARC = YES;
				CLANG_ENABLE_OBJC_WEAK = YES;
				CLANG_WARN_BLOCK_CAPTURE_AUTORELEASING = YES;
				CLANG_WARN_BOOL_CONVERSION = YES;
				CLANG_WARN_COMMA = YES;
				CLANG_WARN_CONSTANT_CONVERSION = YES;
				CLANG_WARN_DEPRECATED_OBJC_IMPLEMENTATIONS = YES;
				CLANG_WARN_DIRECT_OBJC_ISA_USAGE = YES_ERROR;
				CLANG_WARN_DOCUMENTATION_COMMENTS = YES;
				CLANG_WARN_EMPTY_BODY = YES;
				CLANG_WARN_ENUM_CONVERSION = YES;
				CLANG_WARN_INFINITE_RECURSION = YES;
				CLANG_WARN_INT_CONVERSION = YES;
				CLANG_WARN_NON_LITERAL_NULL_CONVERSION = YES;
				CLANG_WARN_OBJC_IMPLICIT_RETAIN_SELF = YES;
				CLANG_WARN_OBJC_LITERAL_CONVERSION = YES;
				CLANG_WARN_OBJC_ROOT_CLASS = YES_ERROR;
				CLANG_WARN_RANGE_LOOP_ANALYSIS = YES;
				CLANG_WARN_STRICT_PROTOTYPES = YES;
				CLANG_WARN_SUSPICIOUS_MOVE = YES;
				CLANG_WARN_UNGUARDED_AVAILABILITY = YES_AGGRESSIVE;
				CLANG_WARN_UNREACHABLE_CODE = YES;
				CLANG_WARN__DUPLICATE_METHOD_MATCH = YES;
				CODE_SIGN_IDENTITY = "iPhone Developer";
				COPY_PHASE_STRIP = NO;
				DEBUG_INFORMATION_FORMAT = dwarf;
				ENABLE_STRICT_OBJC_MSGSEND = YES;
				ENABLE_TESTABILITY = YES;
				GCC_C_LANGUAGE_STANDARD = gnu11;
				GCC_DYNAMIC_NO_PIC = NO;
				GCC_NO_COMMON_BLOCKS = YES;
				GCC_OPTIMIZATION_LEVEL = 0;
				GCC_PREPROCESSOR_DEFINITIONS = (
					"DEBUG=1",
					"$(inherited)",
				);
				GCC_WARN_64_TO_32_BIT_CONVERSION = YES;
				GCC_WARN_ABOUT_RETURN_TYPE = YES_ERROR;
				GCC_WARN_UNDECLARED_SELECTOR = YES;
				GCC_WARN_UNINITIALIZED_AUTOS = YES_AGGRESSIVE;
				GCC_WARN_UNUSED_FUNCTION = YES;
				GCC_WARN_UNUSED_VARIABLE = YES;
				IPHONEOS_DEPLOYMENT_TARGET = 12.0;
				MTL_ENABLE_DEBUG_INFO = INCLUDE_SOURCE;
				MTL_FAST_MATH = YES;
				ONLY_ACTIVE_ARCH = YES;
				SDKROOT = iphoneos;
				SWIFT_ACTIVE_COMPILATION_CONDITIONS = DEBUG;
				SWIFT_OPTIMIZATION_LEVEL = "-Onone";
			};
			name = Debug;
		};
		17532A59215C72FD00FFCDC3 /* Release */ = {
			isa = XCBuildConfiguration;
			buildSettings = {
				ALWAYS_SEARCH_USER_PATHS = NO;
				CLANG_ANALYZER_NONNULL = YES;
				CLANG_ANALYZER_NUMBER_OBJECT_CONVERSION = YES_AGGRESSIVE;
				CLANG_CXX_LANGUAGE_STANDARD = "gnu++14";
				CLANG_CXX_LIBRARY = "libc++";
				CLANG_ENABLE_MODULES = YES;
				CLANG_ENABLE_OBJC_ARC = YES;
				CLANG_ENABLE_OBJC_WEAK = YES;
				CLANG_WARN_BLOCK_CAPTURE_AUTORELEASING = YES;
				CLANG_WARN_BOOL_CONVERSION = YES;
				CLANG_WARN_COMMA = YES;
				CLANG_WARN_CONSTANT_CONVERSION = YES;
				CLANG_WARN_DEPRECATED_OBJC_IMPLEMENTATIONS = YES;
				CLANG_WARN_DIRECT_OBJC_ISA_USAGE = YES_ERROR;
				CLANG_WARN_DOCUMENTATION_COMMENTS = YES;
				CLANG_WARN_EMPTY_BODY = YES;
				CLANG_WARN_ENUM_CONVERSION = YES;
				CLANG_WARN_INFINITE_RECURSION = YES;
				CLANG_WARN_INT_CONVERSION = YES;
				CLANG_WARN_NON_LITERAL_NULL_CONVERSION = YES;
				CLANG_WARN_OBJC_IMPLICIT_RETAIN_SELF = YES;
				CLANG_WARN_OBJC_LITERAL_CONVERSION = YES;
				CLANG_WARN_OBJC_ROOT_CLASS = YES_ERROR;
				CLANG_WARN_RANGE_LOOP_ANALYSIS = YES;
				CLANG_WARN_STRICT_PROTOTYPES = YES;
				CLANG_WARN_SUSPICIOUS_MOVE = YES;
				CLANG_WARN_UNGUARDED_AVAILABILITY = YES_AGGRESSIVE;
				CLANG_WARN_UNREACHABLE_CODE = YES;
				CLANG_WARN__DUPLICATE_METHOD_MATCH = YES;
				CODE_SIGN_IDENTITY = "iPhone Developer";
				COPY_PHASE_STRIP = NO;
				DEBUG_INFORMATION_FORMAT = "dwarf-with-dsym";
				ENABLE_NS_ASSERTIONS = NO;
				ENABLE_STRICT_OBJC_MSGSEND = YES;
				GCC_C_LANGUAGE_STANDARD = gnu11;
				GCC_NO_COMMON_BLOCKS = YES;
				GCC_WARN_64_TO_32_BIT_CONVERSION = YES;
				GCC_WARN_ABOUT_RETURN_TYPE = YES_ERROR;
				GCC_WARN_UNDECLARED_SELECTOR = YES;
				GCC_WARN_UNINITIALIZED_AUTOS = YES_AGGRESSIVE;
				GCC_WARN_UNUSED_FUNCTION = YES;
				GCC_WARN_UNUSED_VARIABLE = YES;
				IPHONEOS_DEPLOYMENT_TARGET = 12.0;
				MTL_ENABLE_DEBUG_INFO = NO;
				MTL_FAST_MATH = YES;
				SDKROOT = iphoneos;
				SWIFT_COMPILATION_MODE = wholemodule;
				SWIFT_OPTIMIZATION_LEVEL = "-O";
				VALIDATE_PRODUCT = YES;
			};
			name = Release;
		};
		17532A5B215C72FD00FFCDC3 /* Debug */ = {
			isa = XCBuildConfiguration;
			buildSettings = {
				ASSETCATALOG_COMPILER_APPICON_NAME = AppIcon;
				CODE_SIGN_STYLE = Automatic;
				DEVELOPMENT_TEAM = X3GKR9NFG3;
				INFOPLIST_FILE = Selfigram/Info.plist;
				LD_RUNPATH_SEARCH_PATHS = (
					"$(inherited)",
					"@executable_path/Frameworks",
				);
				PRODUCT_BUNDLE_IDENTIFIER = Matthew.Selfigram;
				PRODUCT_NAME = "$(TARGET_NAME)";
				SWIFT_VERSION = 4.2;
				TARGETED_DEVICE_FAMILY = "1,2";
			};
			name = Debug;
		};
		17532A5C215C72FD00FFCDC3 /* Release */ = {
			isa = XCBuildConfiguration;
			buildSettings = {
				ASSETCATALOG_COMPILER_APPICON_NAME = AppIcon;
				CODE_SIGN_STYLE = Automatic;
				DEVELOPMENT_TEAM = X3GKR9NFG3;
				INFOPLIST_FILE = Selfigram/Info.plist;
				LD_RUNPATH_SEARCH_PATHS = (
					"$(inherited)",
					"@executable_path/Frameworks",
				);
				PRODUCT_BUNDLE_IDENTIFIER = Matthew.Selfigram;
				PRODUCT_NAME = "$(TARGET_NAME)";
				SWIFT_VERSION = 4.2;
				TARGETED_DEVICE_FAMILY = "1,2";
			};
			name = Release;
		};
		17532A5E215C72FD00FFCDC3 /* Debug */ = {
			isa = XCBuildConfiguration;
			buildSettings = {
				ALWAYS_EMBED_SWIFT_STANDARD_LIBRARIES = YES;
				BUNDLE_LOADER = "$(TEST_HOST)";
				CODE_SIGN_STYLE = Automatic;
				DEVELOPMENT_TEAM = X3GKR9NFG3;
				INFOPLIST_FILE = SelfigramTests/Info.plist;
				LD_RUNPATH_SEARCH_PATHS = (
					"$(inherited)",
					"@executable_path/Frameworks",
					"@loader_path/Frameworks",
				);
				PRODUCT_BUNDLE_IDENTIFIER = Matthew.SelfigramTests;
				PRODUCT_NAME = "$(TARGET_NAME)";
				SWIFT_VERSION = 4.2;
				TARGETED_DEVICE_FAMILY = "1,2";
				TEST_HOST = "$(BUILT_PRODUCTS_DIR)/Selfigram.app/Selfigram";
			};
			name = Debug;
		};
		17532A5F215C72FD00FFCDC3 /* Release */ = {
			isa = XCBuildConfiguration;
			buildSettings = {
				ALWAYS_EMBED_SWIFT_STANDARD_LIBRARIES = YES;
				BUNDLE_LOADER = "$(TEST_HOST)";
				CODE_SIGN_STYLE = Automatic;
				DEVELOPMENT_TEAM = X3GKR9NFG3;
				INFOPLIST_FILE = SelfigramTests/Info.plist;
				LD_RUNPATH_SEARCH_PATHS = (
					"$(inherited)",
					"@executable_path/Frameworks",
					"@loader_path/Frameworks",
				);
				PRODUCT_BUNDLE_IDENTIFIER = Matthew.SelfigramTests;
				PRODUCT_NAME = "$(TARGET_NAME)";
				SWIFT_VERSION = 4.2;
				TARGETED_DEVICE_FAMILY = "1,2";
				TEST_HOST = "$(BUILT_PRODUCTS_DIR)/Selfigram.app/Selfigram";
			};
			name = Release;
		};
		17532A61215C72FD00FFCDC3 /* Debug */ = {
			isa = XCBuildConfiguration;
			buildSettings = {
				ALWAYS_EMBED_SWIFT_STANDARD_LIBRARIES = YES;
				CODE_SIGN_STYLE = Automatic;
				DEVELOPMENT_TEAM = X3GKR9NFG3;
				INFOPLIST_FILE = SelfigramUITests/Info.plist;
				LD_RUNPATH_SEARCH_PATHS = (
					"$(inherited)",
					"@executable_path/Frameworks",
					"@loader_path/Frameworks",
				);
				PRODUCT_BUNDLE_IDENTIFIER = Matthew.SelfigramUITests;
				PRODUCT_NAME = "$(TARGET_NAME)";
				SWIFT_VERSION = 4.2;
				TARGETED_DEVICE_FAMILY = "1,2";
				TEST_TARGET_NAME = Selfigram;
			};
			name = Debug;
		};
		17532A62215C72FD00FFCDC3 /* Release */ = {
			isa = XCBuildConfiguration;
			buildSettings = {
				ALWAYS_EMBED_SWIFT_STANDARD_LIBRARIES = YES;
				CODE_SIGN_STYLE = Automatic;
				DEVELOPMENT_TEAM = X3GKR9NFG3;
				INFOPLIST_FILE = SelfigramUITests/Info.plist;
				LD_RUNPATH_SEARCH_PATHS = (
					"$(inherited)",
					"@executable_path/Frameworks",
					"@loader_path/Frameworks",
				);
				PRODUCT_BUNDLE_IDENTIFIER = Matthew.SelfigramUITests;
				PRODUCT_NAME = "$(TARGET_NAME)";
				SWIFT_VERSION = 4.2;
				TARGETED_DEVICE_FAMILY = "1,2";
				TEST_TARGET_NAME = Selfigram;
			};
			name = Release;
		};
/* End XCBuildConfiguration section */

/* Begin XCConfigurationList section */
		17532A2D215C72FA00FFCDC3 /* Build configuration list for PBXProject "Selfigram" */ = {
			isa = XCConfigurationList;
			buildConfigurations = (
				17532A58215C72FD00FFCDC3 /* Debug */,
				17532A59215C72FD00FFCDC3 /* Release */,
			);
			defaultConfigurationIsVisible = 0;
			defaultConfigurationName = Release;
		};
		17532A5A215C72FD00FFCDC3 /* Build configuration list for PBXNativeTarget "Selfigram" */ = {
			isa = XCConfigurationList;
			buildConfigurations = (
				17532A5B215C72FD00FFCDC3 /* Debug */,
				17532A5C215C72FD00FFCDC3 /* Release */,
			);
			defaultConfigurationIsVisible = 0;
			defaultConfigurationName = Release;
		};
		17532A5D215C72FD00FFCDC3 /* Build configuration list for PBXNativeTarget "SelfigramTests" */ = {
			isa = XCConfigurationList;
			buildConfigurations = (
				17532A5E215C72FD00FFCDC3 /* Debug */,
				17532A5F215C72FD00FFCDC3 /* Release */,
			);
			defaultConfigurationIsVisible = 0;
			defaultConfigurationName = Release;
		};
		17532A60215C72FD00FFCDC3 /* Build configuration list for PBXNativeTarget "SelfigramUITests" */ = {
			isa = XCConfigurationList;
			buildConfigurations = (
				17532A61215C72FD00FFCDC3 /* Debug */,
				17532A62215C72FD00FFCDC3 /* Release */,
			);
			defaultConfigurationIsVisible = 0;
			defaultConfigurationName = Release;
		};
/* End XCConfigurationList section */
	};
	rootObject = 17532A2A215C72FA00FFCDC3 /* Project object */;
}
